// !$*UTF8*$!
{
	archiveVersion = 1;
	classes = {
	};
	objectVersion = 55;
	objects = {

/* Begin PBXBuildFile section */
		671CD28B27F4FC850005B27D /* StepTwoPrompt.swift in Sources */ = {isa = PBXBuildFile; fileRef = 671CD28A27F4FC850005B27D /* StepTwoPrompt.swift */; };
		671CD28D27F508280005B27D /* AudioRecorder.swift in Sources */ = {isa = PBXBuildFile; fileRef = 671CD28C27F508280005B27D /* AudioRecorder.swift */; };
		671CD28F27F50DA10005B27D /* RecordingDataModel.swift in Sources */ = {isa = PBXBuildFile; fileRef = 671CD28E27F50DA10005B27D /* RecordingDataModel.swift */; };
		671CD29127F555710005B27D /* StepThreePrompt.swift in Sources */ = {isa = PBXBuildFile; fileRef = 671CD29027F555710005B27D /* StepThreePrompt.swift */; };
		671CD29327F558040005B27D /* StepFourPrompt.swift in Sources */ = {isa = PBXBuildFile; fileRef = 671CD29227F558040005B27D /* StepFourPrompt.swift */; };
		673A05BF27F39BBA00C41612 /* StepOnePrompt.swift in Sources */ = {isa = PBXBuildFile; fileRef = 673A05BE27F39BBA00C41612 /* StepOnePrompt.swift */; };
		673A05C127F39D4E00C41612 /* SleepRecording.swift in Sources */ = {isa = PBXBuildFile; fileRef = 673A05C027F39D4E00C41612 /* SleepRecording.swift */; };
		6743783C27C5B803002D1723 /* SleepGloveApp.swift in Sources */ = {isa = PBXBuildFile; fileRef = 6743783B27C5B803002D1723 /* SleepGloveApp.swift */; };
		6743783E27C5B803002D1723 /* ContentView.swift in Sources */ = {isa = PBXBuildFile; fileRef = 6743783D27C5B803002D1723 /* ContentView.swift */; };
		6743784027C5B805002D1723 /* Assets.xcassets in Resources */ = {isa = PBXBuildFile; fileRef = 6743783F27C5B805002D1723 /* Assets.xcassets */; };
		6743784327C5B805002D1723 /* Preview Assets.xcassets in Resources */ = {isa = PBXBuildFile; fileRef = 6743784227C5B805002D1723 /* Preview Assets.xcassets */; };
		6743784D27C5B806002D1723 /* SleepGloveTests.swift in Sources */ = {isa = PBXBuildFile; fileRef = 6743784C27C5B806002D1723 /* SleepGloveTests.swift */; };
		6743785727C5B806002D1723 /* SleepGloveUITests.swift in Sources */ = {isa = PBXBuildFile; fileRef = 6743785627C5B806002D1723 /* SleepGloveUITests.swift */; };
		6743785927C5B806002D1723 /* SleepGloveUITestsLaunchTests.swift in Sources */ = {isa = PBXBuildFile; fileRef = 6743785827C5B806002D1723 /* SleepGloveUITestsLaunchTests.swift */; };
		6743786627C5EB5D002D1723 /* BluetoothDiscoveryView.swift in Sources */ = {isa = PBXBuildFile; fileRef = 6743786527C5EB5D002D1723 /* BluetoothDiscoveryView.swift */; };
		6751129827CED73A003BE27F /* BLEManager.swift in Sources */ = {isa = PBXBuildFile; fileRef = 6751129727CED73A003BE27F /* BLEManager.swift */; };
		6751129A27D01039003BE27F /* CalibrationStart.swift in Sources */ = {isa = PBXBuildFile; fileRef = 6751129927D01038003BE27F /* CalibrationStart.swift */; };
/* End PBXBuildFile section */

/* Begin PBXContainerItemProxy section */
		6743784927C5B806002D1723 /* PBXContainerItemProxy */ = {
			isa = PBXContainerItemProxy;
			containerPortal = 6743783027C5B803002D1723 /* Project object */;
			proxyType = 1;
			remoteGlobalIDString = 6743783727C5B803002D1723;
			remoteInfo = SleepGlove;
		};
		6743785327C5B806002D1723 /* PBXContainerItemProxy */ = {
			isa = PBXContainerItemProxy;
			containerPortal = 6743783027C5B803002D1723 /* Project object */;
			proxyType = 1;
			remoteGlobalIDString = 6743783727C5B803002D1723;
			remoteInfo = SleepGlove;
		};
/* End PBXContainerItemProxy section */

/* Begin PBXFileReference section */
		671CD28A27F4FC850005B27D /* StepTwoPrompt.swift */ = {isa = PBXFileReference; lastKnownFileType = sourcecode.swift; path = StepTwoPrompt.swift; sourceTree = "<group>"; };
		671CD28C27F508280005B27D /* AudioRecorder.swift */ = {isa = PBXFileReference; lastKnownFileType = sourcecode.swift; path = AudioRecorder.swift; sourceTree = "<group>"; };
		671CD28E27F50DA10005B27D /* RecordingDataModel.swift */ = {isa = PBXFileReference; lastKnownFileType = sourcecode.swift; path = RecordingDataModel.swift; sourceTree = "<group>"; };
		671CD29027F555710005B27D /* StepThreePrompt.swift */ = {isa = PBXFileReference; lastKnownFileType = sourcecode.swift; path = StepThreePrompt.swift; sourceTree = "<group>"; };
		671CD29227F558040005B27D /* StepFourPrompt.swift */ = {isa = PBXFileReference; lastKnownFileType = sourcecode.swift; path = StepFourPrompt.swift; sourceTree = "<group>"; };
		673A05BE27F39BBA00C41612 /* StepOnePrompt.swift */ = {isa = PBXFileReference; lastKnownFileType = sourcecode.swift; path = StepOnePrompt.swift; sourceTree = "<group>"; };
		673A05C027F39D4E00C41612 /* SleepRecording.swift */ = {isa = PBXFileReference; lastKnownFileType = sourcecode.swift; path = SleepRecording.swift; sourceTree = "<group>"; };
		6743783827C5B803002D1723 /* SleepGlove.app */ = {isa = PBXFileReference; explicitFileType = wrapper.application; includeInIndex = 0; path = SleepGlove.app; sourceTree = BUILT_PRODUCTS_DIR; };
		6743783B27C5B803002D1723 /* SleepGloveApp.swift */ = {isa = PBXFileReference; lastKnownFileType = sourcecode.swift; path = SleepGloveApp.swift; sourceTree = "<group>"; };
		6743783D27C5B803002D1723 /* ContentView.swift */ = {isa = PBXFileReference; lastKnownFileType = sourcecode.swift; path = ContentView.swift; sourceTree = "<group>"; };
		6743783F27C5B805002D1723 /* Assets.xcassets */ = {isa = PBXFileReference; lastKnownFileType = folder.assetcatalog; path = Assets.xcassets; sourceTree = "<group>"; };
		6743784227C5B805002D1723 /* Preview Assets.xcassets */ = {isa = PBXFileReference; lastKnownFileType = folder.assetcatalog; path = "Preview Assets.xcassets"; sourceTree = "<group>"; };
		6743784827C5B806002D1723 /* SleepGloveTests.xctest */ = {isa = PBXFileReference; explicitFileType = wrapper.cfbundle; includeInIndex = 0; path = SleepGloveTests.xctest; sourceTree = BUILT_PRODUCTS_DIR; };
		6743784C27C5B806002D1723 /* SleepGloveTests.swift */ = {isa = PBXFileReference; lastKnownFileType = sourcecode.swift; path = SleepGloveTests.swift; sourceTree = "<group>"; };
		6743785227C5B806002D1723 /* SleepGloveUITests.xctest */ = {isa = PBXFileReference; explicitFileType = wrapper.cfbundle; includeInIndex = 0; path = SleepGloveUITests.xctest; sourceTree = BUILT_PRODUCTS_DIR; };
		6743785627C5B806002D1723 /* SleepGloveUITests.swift */ = {isa = PBXFileReference; lastKnownFileType = sourcecode.swift; path = SleepGloveUITests.swift; sourceTree = "<group>"; };
		6743785827C5B806002D1723 /* SleepGloveUITestsLaunchTests.swift */ = {isa = PBXFileReference; lastKnownFileType = sourcecode.swift; path = SleepGloveUITestsLaunchTests.swift; sourceTree = "<group>"; };
		6743786527C5EB5D002D1723 /* BluetoothDiscoveryView.swift */ = {isa = PBXFileReference; lastKnownFileType = sourcecode.swift; path = BluetoothDiscoveryView.swift; sourceTree = "<group>"; };
		6751129727CED73A003BE27F /* BLEManager.swift */ = {isa = PBXFileReference; lastKnownFileType = sourcecode.swift; path = BLEManager.swift; sourceTree = "<group>"; };
		6751129927D01038003BE27F /* CalibrationStart.swift */ = {isa = PBXFileReference; lastKnownFileType = sourcecode.swift; path = CalibrationStart.swift; sourceTree = "<group>"; };
/* End PBXFileReference section */

/* Begin PBXFrameworksBuildPhase section */
		6743783527C5B803002D1723 /* Frameworks */ = {
			isa = PBXFrameworksBuildPhase;
			buildActionMask = 2147483647;
			files = (
			);
			runOnlyForDeploymentPostprocessing = 0;
		};
		6743784527C5B806002D1723 /* Frameworks */ = {
			isa = PBXFrameworksBuildPhase;
			buildActionMask = 2147483647;
			files = (
			);
			runOnlyForDeploymentPostprocessing = 0;
		};
		6743784F27C5B806002D1723 /* Frameworks */ = {
			isa = PBXFrameworksBuildPhase;
			buildActionMask = 2147483647;
			files = (
			);
			runOnlyForDeploymentPostprocessing = 0;
		};
/* End PBXFrameworksBuildPhase section */

/* Begin PBXGroup section */
		6743782F27C5B803002D1723 = {
			isa = PBXGroup;
			children = (
				6743783A27C5B803002D1723 /* SleepGlove */,
				6743784B27C5B806002D1723 /* SleepGloveTests */,
				6743785527C5B806002D1723 /* SleepGloveUITests */,
				6743783927C5B803002D1723 /* Products */,
			);
			sourceTree = "<group>";
		};
		6743783927C5B803002D1723 /* Products */ = {
			isa = PBXGroup;
			children = (
				6743783827C5B803002D1723 /* SleepGlove.app */,
				6743784827C5B806002D1723 /* SleepGloveTests.xctest */,
				6743785227C5B806002D1723 /* SleepGloveUITests.xctest */,
			);
			name = Products;
			sourceTree = "<group>";
		};
		6743783A27C5B803002D1723 /* SleepGlove */ = {
			isa = PBXGroup;
			children = (
				6743783B27C5B803002D1723 /* SleepGloveApp.swift */,
				6751129927D01038003BE27F /* CalibrationStart.swift */,
				671CD28C27F508280005B27D /* AudioRecorder.swift */,
				671CD28E27F50DA10005B27D /* RecordingDataModel.swift */,
				673A05BE27F39BBA00C41612 /* StepOnePrompt.swift */,
				671CD28A27F4FC850005B27D /* StepTwoPrompt.swift */,
				671CD29027F555710005B27D /* StepThreePrompt.swift */,
				671CD29227F558040005B27D /* StepFourPrompt.swift */,
				673A05C027F39D4E00C41612 /* SleepRecording.swift */,
				6743783D27C5B803002D1723 /* ContentView.swift */,
				6743783F27C5B805002D1723 /* Assets.xcassets */,
				6743784127C5B805002D1723 /* Preview Content */,
				6743786527C5EB5D002D1723 /* BluetoothDiscoveryView.swift */,
				6751129727CED73A003BE27F /* BLEManager.swift */,
			);
			path = SleepGlove;
			sourceTree = "<group>";
		};
		6743784127C5B805002D1723 /* Preview Content */ = {
			isa = PBXGroup;
			children = (
				6743784227C5B805002D1723 /* Preview Assets.xcassets */,
			);
			path = "Preview Content";
			sourceTree = "<group>";
		};
		6743784B27C5B806002D1723 /* SleepGloveTests */ = {
			isa = PBXGroup;
			children = (
				6743784C27C5B806002D1723 /* SleepGloveTests.swift */,
			);
			path = SleepGloveTests;
			sourceTree = "<group>";
		};
		6743785527C5B806002D1723 /* SleepGloveUITests */ = {
			isa = PBXGroup;
			children = (
				6743785627C5B806002D1723 /* SleepGloveUITests.swift */,
				6743785827C5B806002D1723 /* SleepGloveUITestsLaunchTests.swift */,
			);
			path = SleepGloveUITests;
			sourceTree = "<group>";
		};
/* End PBXGroup section */

/* Begin PBXNativeTarget section */
		6743783727C5B803002D1723 /* SleepGlove */ = {
			isa = PBXNativeTarget;
			buildConfigurationList = 6743785C27C5B806002D1723 /* Build configuration list for PBXNativeTarget "SleepGlove" */;
			buildPhases = (
				6743783427C5B803002D1723 /* Sources */,
				6743783527C5B803002D1723 /* Frameworks */,
				6743783627C5B803002D1723 /* Resources */,
			);
			buildRules = (
			);
			dependencies = (
			);
			name = SleepGlove;
			productName = SleepGlove;
			productReference = 6743783827C5B803002D1723 /* SleepGlove.app */;
			productType = "com.apple.product-type.application";
		};
		6743784727C5B806002D1723 /* SleepGloveTests */ = {
			isa = PBXNativeTarget;
			buildConfigurationList = 6743785F27C5B806002D1723 /* Build configuration list for PBXNativeTarget "SleepGloveTests" */;
			buildPhases = (
				6743784427C5B806002D1723 /* Sources */,
				6743784527C5B806002D1723 /* Frameworks */,
				6743784627C5B806002D1723 /* Resources */,
			);
			buildRules = (
			);
			dependencies = (
				6743784A27C5B806002D1723 /* PBXTargetDependency */,
			);
			name = SleepGloveTests;
			productName = SleepGloveTests;
			productReference = 6743784827C5B806002D1723 /* SleepGloveTests.xctest */;
			productType = "com.apple.product-type.bundle.unit-test";
		};
		6743785127C5B806002D1723 /* SleepGloveUITests */ = {
			isa = PBXNativeTarget;
			buildConfigurationList = 6743786227C5B806002D1723 /* Build configuration list for PBXNativeTarget "SleepGloveUITests" */;
			buildPhases = (
				6743784E27C5B806002D1723 /* Sources */,
				6743784F27C5B806002D1723 /* Frameworks */,
				6743785027C5B806002D1723 /* Resources */,
			);
			buildRules = (
			);
			dependencies = (
				6743785427C5B806002D1723 /* PBXTargetDependency */,
			);
			name = SleepGloveUITests;
			productName = SleepGloveUITests;
			productReference = 6743785227C5B806002D1723 /* SleepGloveUITests.xctest */;
			productType = "com.apple.product-type.bundle.ui-testing";
		};
/* End PBXNativeTarget section */

/* Begin PBXProject section */
		6743783027C5B803002D1723 /* Project object */ = {
			isa = PBXProject;
			attributes = {
				BuildIndependentTargetsInParallel = 1;
				LastSwiftUpdateCheck = 1310;
				LastUpgradeCheck = 1310;
				TargetAttributes = {
					6743783727C5B803002D1723 = {
						CreatedOnToolsVersion = 13.1;
					};
					6743784727C5B806002D1723 = {
						CreatedOnToolsVersion = 13.1;
						TestTargetID = 6743783727C5B803002D1723;
					};
					6743785127C5B806002D1723 = {
						CreatedOnToolsVersion = 13.1;
						TestTargetID = 6743783727C5B803002D1723;
					};
				};
			};
			buildConfigurationList = 6743783327C5B803002D1723 /* Build configuration list for PBXProject "SleepGlove" */;
			compatibilityVersion = "Xcode 13.0";
			developmentRegion = en;
			hasScannedForEncodings = 0;
			knownRegions = (
				en,
				Base,
			);
			mainGroup = 6743782F27C5B803002D1723;
			productRefGroup = 6743783927C5B803002D1723 /* Products */;
			projectDirPath = "";
			projectRoot = "";
			targets = (
				6743783727C5B803002D1723 /* SleepGlove */,
				6743784727C5B806002D1723 /* SleepGloveTests */,
				6743785127C5B806002D1723 /* SleepGloveUITests */,
			);
		};
/* End PBXProject section */

/* Begin PBXResourcesBuildPhase section */
		6743783627C5B803002D1723 /* Resources */ = {
			isa = PBXResourcesBuildPhase;
			buildActionMask = 2147483647;
			files = (
				6743784327C5B805002D1723 /* Preview Assets.xcassets in Resources */,
				6743784027C5B805002D1723 /* Assets.xcassets in Resources */,
			);
			runOnlyForDeploymentPostprocessing = 0;
		};
		6743784627C5B806002D1723 /* Resources */ = {
			isa = PBXResourcesBuildPhase;
			buildActionMask = 2147483647;
			files = (
			);
			runOnlyForDeploymentPostprocessing = 0;
		};
		6743785027C5B806002D1723 /* Resources */ = {
			isa = PBXResourcesBuildPhase;
			buildActionMask = 2147483647;
			files = (
			);
			runOnlyForDeploymentPostprocessing = 0;
		};
/* End PBXResourcesBuildPhase section */

/* Begin PBXSourcesBuildPhase section */
		6743783427C5B803002D1723 /* Sources */ = {
			isa = PBXSourcesBuildPhase;
			buildActionMask = 2147483647;
			files = (
				671CD28D27F508280005B27D /* AudioRecorder.swift in Sources */,
				671CD28F27F50DA10005B27D /* RecordingDataModel.swift in Sources */,
				6743783E27C5B803002D1723 /* ContentView.swift in Sources */,
				6751129827CED73A003BE27F /* BLEManager.swift in Sources */,
				673A05BF27F39BBA00C41612 /* StepOnePrompt.swift in Sources */,
				671CD29327F558040005B27D /* StepFourPrompt.swift in Sources */,
				6743786627C5EB5D002D1723 /* BluetoothDiscoveryView.swift in Sources */,
				671CD29127F555710005B27D /* StepThreePrompt.swift in Sources */,
				6743783C27C5B803002D1723 /* SleepGloveApp.swift in Sources */,
				6751129A27D01039003BE27F /* CalibrationStart.swift in Sources */,
				671CD28B27F4FC850005B27D /* StepTwoPrompt.swift in Sources */,
				673A05C127F39D4E00C41612 /* SleepRecording.swift in Sources */,
			);
			runOnlyForDeploymentPostprocessing = 0;
		};
		6743784427C5B806002D1723 /* Sources */ = {
			isa = PBXSourcesBuildPhase;
			buildActionMask = 2147483647;
			files = (
				6743784D27C5B806002D1723 /* SleepGloveTests.swift in Sources */,
			);
			runOnlyForDeploymentPostprocessing = 0;
		};
		6743784E27C5B806002D1723 /* Sources */ = {
			isa = PBXSourcesBuildPhase;
			buildActionMask = 2147483647;
			files = (
				6743785927C5B806002D1723 /* SleepGloveUITestsLaunchTests.swift in Sources */,
				6743785727C5B806002D1723 /* SleepGloveUITests.swift in Sources */,
			);
			runOnlyForDeploymentPostprocessing = 0;
		};
/* End PBXSourcesBuildPhase section */

/* Begin PBXTargetDependency section */
		6743784A27C5B806002D1723 /* PBXTargetDependency */ = {
			isa = PBXTargetDependency;
			target = 6743783727C5B803002D1723 /* SleepGlove */;
			targetProxy = 6743784927C5B806002D1723 /* PBXContainerItemProxy */;
		};
		6743785427C5B806002D1723 /* PBXTargetDependency */ = {
			isa = PBXTargetDependency;
			target = 6743783727C5B803002D1723 /* SleepGlove */;
			targetProxy = 6743785327C5B806002D1723 /* PBXContainerItemProxy */;
		};
/* End PBXTargetDependency section */

/* Begin XCBuildConfiguration section */
		6743785A27C5B806002D1723 /* Debug */ = {
			isa = XCBuildConfiguration;
			buildSettings = {
				ALWAYS_SEARCH_USER_PATHS = NO;
				CLANG_ANALYZER_NONNULL = YES;
				CLANG_ANALYZER_NUMBER_OBJECT_CONVERSION = YES_AGGRESSIVE;
				CLANG_CXX_LANGUAGE_STANDARD = "gnu++17";
				CLANG_CXX_LIBRARY = "libc++";
				CLANG_ENABLE_MODULES = YES;
				CLANG_ENABLE_OBJC_ARC = YES;
				CLANG_ENABLE_OBJC_WEAK = YES;
				CLANG_WARN_BLOCK_CAPTURE_AUTORELEASING = YES;
				CLANG_WARN_BOOL_CONVERSION = YES;
				CLANG_WARN_COMMA = YES;
				CLANG_WARN_CONSTANT_CONVERSION = YES;
				CLANG_WARN_DEPRECATED_OBJC_IMPLEMENTATIONS = YES;
				CLANG_WARN_DIRECT_OBJC_ISA_USAGE = YES_ERROR;
				CLANG_WARN_DOCUMENTATION_COMMENTS = YES;
				CLANG_WARN_EMPTY_BODY = YES;
				CLANG_WARN_ENUM_CONVERSION = YES;
				CLANG_WARN_INFINITE_RECURSION = YES;
				CLANG_WARN_INT_CONVERSION = YES;
				CLANG_WARN_NON_LITERAL_NULL_CONVERSION = YES;
				CLANG_WARN_OBJC_IMPLICIT_RETAIN_SELF = YES;
				CLANG_WARN_OBJC_LITERAL_CONVERSION = YES;
				CLANG_WARN_OBJC_ROOT_CLASS = YES_ERROR;
				CLANG_WARN_QUOTED_INCLUDE_IN_FRAMEWORK_HEADER = YES;
				CLANG_WARN_RANGE_LOOP_ANALYSIS = YES;
				CLANG_WARN_STRICT_PROTOTYPES = YES;
				CLANG_WARN_SUSPICIOUS_MOVE = YES;
				CLANG_WARN_UNGUARDED_AVAILABILITY = YES_AGGRESSIVE;
				CLANG_WARN_UNREACHABLE_CODE = YES;
				CLANG_WARN__DUPLICATE_METHOD_MATCH = YES;
				COPY_PHASE_STRIP = NO;
				DEBUG_INFORMATION_FORMAT = dwarf;
				ENABLE_STRICT_OBJC_MSGSEND = YES;
				ENABLE_TESTABILITY = YES;
				GCC_C_LANGUAGE_STANDARD = gnu11;
				GCC_DYNAMIC_NO_PIC = NO;
				GCC_NO_COMMON_BLOCKS = YES;
				GCC_OPTIMIZATION_LEVEL = 0;
				GCC_PREPROCESSOR_DEFINITIONS = (
					"DEBUG=1",
					"$(inherited)",
				);
				GCC_WARN_64_TO_32_BIT_CONVERSION = YES;
				GCC_WARN_ABOUT_RETURN_TYPE = YES_ERROR;
				GCC_WARN_UNDECLARED_SELECTOR = YES;
				GCC_WARN_UNINITIALIZED_AUTOS = YES_AGGRESSIVE;
				GCC_WARN_UNUSED_FUNCTION = YES;
				GCC_WARN_UNUSED_VARIABLE = YES;
				IPHONEOS_DEPLOYMENT_TARGET = 15.0;
				MTL_ENABLE_DEBUG_INFO = INCLUDE_SOURCE;
				MTL_FAST_MATH = YES;
				ONLY_ACTIVE_ARCH = YES;
				SDKROOT = iphoneos;
				SWIFT_ACTIVE_COMPILATION_CONDITIONS = DEBUG;
				SWIFT_OPTIMIZATION_LEVEL = "-Onone";
			};
			name = Debug;
		};
		6743785B27C5B806002D1723 /* Release */ = {
			isa = XCBuildConfiguration;
			buildSettings = {
				ALWAYS_SEARCH_USER_PATHS = NO;
				CLANG_ANALYZER_NONNULL = YES;
				CLANG_ANALYZER_NUMBER_OBJECT_CONVERSION = YES_AGGRESSIVE;
				CLANG_CXX_LANGUAGE_STANDARD = "gnu++17";
				CLANG_CXX_LIBRARY = "libc++";
				CLANG_ENABLE_MODULES = YES;
				CLANG_ENABLE_OBJC_ARC = YES;
				CLANG_ENABLE_OBJC_WEAK = YES;
				CLANG_WARN_BLOCK_CAPTURE_AUTORELEASING = YES;
				CLANG_WARN_BOOL_CONVERSION = YES;
				CLANG_WARN_COMMA = YES;
				CLANG_WARN_CONSTANT_CONVERSION = YES;
				CLANG_WARN_DEPRECATED_OBJC_IMPLEMENTATIONS = YES;
				CLANG_WARN_DIRECT_OBJC_ISA_USAGE = YES_ERROR;
				CLANG_WARN_DOCUMENTATION_COMMENTS = YES;
				CLANG_WARN_EMPTY_BODY = YES;
				CLANG_WARN_ENUM_CONVERSION = YES;
				CLANG_WARN_INFINITE_RECURSION = YES;
				CLANG_WARN_INT_CONVERSION = YES;
				CLANG_WARN_NON_LITERAL_NULL_CONVERSION = YES;
				CLANG_WARN_OBJC_IMPLICIT_RETAIN_SELF = YES;
				CLANG_WARN_OBJC_LITERAL_CONVERSION = YES;
				CLANG_WARN_OBJC_ROOT_CLASS = YES_ERROR;
				CLANG_WARN_QUOTED_INCLUDE_IN_FRAMEWORK_HEADER = YES;
				CLANG_WARN_RANGE_LOOP_ANALYSIS = YES;
				CLANG_WARN_STRICT_PROTOTYPES = YES;
				CLANG_WARN_SUSPICIOUS_MOVE = YES;
				CLANG_WARN_UNGUARDED_AVAILABILITY = YES_AGGRESSIVE;
				CLANG_WARN_UNREACHABLE_CODE = YES;
				CLANG_WARN__DUPLICATE_METHOD_MATCH = YES;
				COPY_PHASE_STRIP = NO;
				DEBUG_INFORMATION_FORMAT = "dwarf-with-dsym";
				ENABLE_NS_ASSERTIONS = NO;
				ENABLE_STRICT_OBJC_MSGSEND = YES;
				GCC_C_LANGUAGE_STANDARD = gnu11;
				GCC_NO_COMMON_BLOCKS = YES;
				GCC_WARN_64_TO_32_BIT_CONVERSION = YES;
				GCC_WARN_ABOUT_RETURN_TYPE = YES_ERROR;
				GCC_WARN_UNDECLARED_SELECTOR = YES;
				GCC_WARN_UNINITIALIZED_AUTOS = YES_AGGRESSIVE;
				GCC_WARN_UNUSED_FUNCTION = YES;
				GCC_WARN_UNUSED_VARIABLE = YES;
				IPHONEOS_DEPLOYMENT_TARGET = 15.0;
				MTL_ENABLE_DEBUG_INFO = NO;
				MTL_FAST_MATH = YES;
				SDKROOT = iphoneos;
				SWIFT_COMPILATION_MODE = wholemodule;
				SWIFT_OPTIMIZATION_LEVEL = "-O";
				VALIDATE_PRODUCT = YES;
			};
			name = Release;
		};
		6743785D27C5B806002D1723 /* Debug */ = {
			isa = XCBuildConfiguration;
			buildSettings = {
				ASSETCATALOG_COMPILER_APPICON_NAME = AppIcon;
				ASSETCATALOG_COMPILER_GLOBAL_ACCENT_COLOR_NAME = AccentColor;
				CODE_SIGN_STYLE = Automatic;
				CURRENT_PROJECT_VERSION = 1;
				DEVELOPMENT_ASSET_PATHS = "\"SleepGlove/Preview Content\"";
				DEVELOPMENT_TEAM = 83T9QZW73V;
				ENABLE_PREVIEWS = YES;
				GENERATE_INFOPLIST_FILE = YES;
				INFOPLIST_KEY_NSBluetoothAlwaysUsageDescription = "Allow BLE Use";
				INFOPLIST_KEY_NSMicrophoneUsageDescription = "We need access to your microphone to conduct recording sessions that are essential to the purpose of using the app to record dreams. ";
				INFOPLIST_KEY_UIApplicationSceneManifest_Generation = YES;
				INFOPLIST_KEY_UIApplicationSupportsIndirectInputEvents = YES;
				INFOPLIST_KEY_UILaunchScreen_Generation = YES;
				INFOPLIST_KEY_UISupportedInterfaceOrientations_iPad = "UIInterfaceOrientationPortrait UIInterfaceOrientationPortraitUpsideDown UIInterfaceOrientationLandscapeLeft UIInterfaceOrientationLandscapeRight";
				INFOPLIST_KEY_UISupportedInterfaceOrientations_iPhone = "UIInterfaceOrientationPortrait UIInterfaceOrientationLandscapeLeft UIInterfaceOrientationLandscapeRight";
				LD_RUNPATH_SEARCH_PATHS = (
					"$(inherited)",
					"@executable_path/Frameworks",
				);
				MARKETING_VERSION = 1.0;
				PRODUCT_BUNDLE_IDENTIFIER = com.catherinelivingston.SleepGlove;
				PRODUCT_NAME = "$(TARGET_NAME)";
				SWIFT_EMIT_LOC_STRINGS = YES;
				SWIFT_VERSION = 5.0;
				TARGETED_DEVICE_FAMILY = "1,2";
			};
			name = Debug;
		};
		6743785E27C5B806002D1723 /* Release */ = {
			isa = XCBuildConfiguration;
			buildSettings = {
				ASSETCATALOG_COMPILER_APPICON_NAME = AppIcon;
				ASSETCATALOG_COMPILER_GLOBAL_ACCENT_COLOR_NAME = AccentColor;
				CODE_SIGN_STYLE = Automatic;
				CURRENT_PROJECT_VERSION = 1;
				DEVELOPMENT_ASSET_PATHS = "\"SleepGlove/Preview Content\"";
				DEVELOPMENT_TEAM = 83T9QZW73V;
				ENABLE_PREVIEWS = YES;
				GENERATE_INFOPLIST_FILE = YES;
				INFOPLIST_KEY_NSBluetoothAlwaysUsageDescription = "Allow BLE Use";
				INFOPLIST_KEY_NSMicrophoneUsageDescription = "We need access to your microphone to conduct recording sessions that are essential to the purpose of using the app to record dreams. ";
				INFOPLIST_KEY_UIApplicationSceneManifest_Generation = YES;
				INFOPLIST_KEY_UIApplicationSupportsIndirectInputEvents = YES;
				INFOPLIST_KEY_UILaunchScreen_Generation = YES;
				INFOPLIST_KEY_UISupportedInterfaceOrientations_iPad = "UIInterfaceOrientationPortrait UIInterfaceOrientationPortraitUpsideDown UIInterfaceOrientationLandscapeLeft UIInterfaceOrientationLandscapeRight";
				INFOPLIST_KEY_UISupportedInterfaceOrientations_iPhone = "UIInterfaceOrientationPortrait UIInterfaceOrientationLandscapeLeft UIInterfaceOrientationLandscapeRight";
				LD_RUNPATH_SEARCH_PATHS = (
					"$(inherited)",
					"@executable_path/Frameworks",
				);
				MARKETING_VERSION = 1.0;
				PRODUCT_BUNDLE_IDENTIFIER = com.catherinelivingston.SleepGlove;
				PRODUCT_NAME = "$(TARGET_NAME)";
				SWIFT_EMIT_LOC_STRINGS = YES;
				SWIFT_VERSION = 5.0;
				TARGETED_DEVICE_FAMILY = "1,2";
			};
			name = Release;
		};
		6743786027C5B806002D1723 /* Debug */ = {
			isa = XCBuildConfiguration;
			buildSettings = {
				ALWAYS_EMBED_SWIFT_STANDARD_LIBRARIES = YES;
				BUNDLE_LOADER = "$(TEST_HOST)";
				CODE_SIGN_STYLE = Automatic;
				CURRENT_PROJECT_VERSION = 1;
				DEVELOPMENT_TEAM = 83T9QZW73V;
				GENERATE_INFOPLIST_FILE = YES;
				IPHONEOS_DEPLOYMENT_TARGET = 15.0;
				LD_RUNPATH_SEARCH_PATHS = (
					"$(inherited)",
					"@executable_path/Frameworks",
					"@loader_path/Frameworks",
				);
				MARKETING_VERSION = 1.0;
				PRODUCT_BUNDLE_IDENTIFIER = com.catherinelivingston.SleepGloveTests;
				PRODUCT_NAME = "$(TARGET_NAME)";
				SWIFT_EMIT_LOC_STRINGS = NO;
				SWIFT_VERSION = 5.0;
				TARGETED_DEVICE_FAMILY = "1,2";
				TEST_HOST = "$(BUILT_PRODUCTS_DIR)/SleepGlove.app/SleepGlove";
			};
			name = Debug;
		};
		6743786127C5B806002D1723 /* Release */ = {
			isa = XCBuildConfiguration;
			buildSettings = {
				ALWAYS_EMBED_SWIFT_STANDARD_LIBRARIES = YES;
				BUNDLE_LOADER = "$(TEST_HOST)";
				CODE_SIGN_STYLE = Automatic;
				CURRENT_PROJECT_VERSION = 1;
				DEVELOPMENT_TEAM = 83T9QZW73V;
				GENERATE_INFOPLIST_FILE = YES;
				IPHONEOS_DEPLOYMENT_TARGET = 15.0;
				LD_RUNPATH_SEARCH_PATHS = (
					"$(inherited)",
					"@executable_path/Frameworks",
					"@loader_path/Frameworks",
				);
				MARKETING_VERSION = 1.0;
				PRODUCT_BUNDLE_IDENTIFIER = com.catherinelivingston.SleepGloveTests;
				PRODUCT_NAME = "$(TARGET_NAME)";
				SWIFT_EMIT_LOC_STRINGS = NO;
				SWIFT_VERSION = 5.0;
				TARGETED_DEVICE_FAMILY = "1,2";
				TEST_HOST = "$(BUILT_PRODUCTS_DIR)/SleepGlove.app/SleepGlove";
			};
			name = Release;
		};
		6743786327C5B806002D1723 /* Debug */ = {
			isa = XCBuildConfiguration;
			buildSettings = {
				ALWAYS_EMBED_SWIFT_STANDARD_LIBRARIES = YES;
				CODE_SIGN_STYLE = Automatic;
				CURRENT_PROJECT_VERSION = 1;
				DEVELOPMENT_TEAM = 83T9QZW73V;
				GENERATE_INFOPLIST_FILE = YES;
				LD_RUNPATH_SEARCH_PATHS = (
					"$(inherited)",
					"@executable_path/Frameworks",
					"@loader_path/Frameworks",
				);
				MARKETING_VERSION = 1.0;
				PRODUCT_BUNDLE_IDENTIFIER = com.catherinelivingston.SleepGloveUITests;
				PRODUCT_NAME = "$(TARGET_NAME)";
				SWIFT_EMIT_LOC_STRINGS = NO;
				SWIFT_VERSION = 5.0;
				TARGETED_DEVICE_FAMILY = "1,2";
				TEST_TARGET_NAME = SleepGlove;
			};
			name = Debug;
		};
		6743786427C5B806002D1723 /* Release */ = {
			isa = XCBuildConfiguration;
			buildSettings = {
				ALWAYS_EMBED_SWIFT_STANDARD_LIBRARIES = YES;
				CODE_SIGN_STYLE = Automatic;
				CURRENT_PROJECT_VERSION = 1;
				DEVELOPMENT_TEAM = 83T9QZW73V;
				GENERATE_INFOPLIST_FILE = YES;
				LD_RUNPATH_SEARCH_PATHS = (
					"$(inherited)",
					"@executable_path/Frameworks",
					"@loader_path/Frameworks",
				);
				MARKETING_VERSION = 1.0;
				PRODUCT_BUNDLE_IDENTIFIER = com.catherinelivingston.SleepGloveUITests;
				PRODUCT_NAME = "$(TARGET_NAME)";
				SWIFT_EMIT_LOC_STRINGS = NO;
				SWIFT_VERSION = 5.0;
				TARGETED_DEVICE_FAMILY = "1,2";
				TEST_TARGET_NAME = SleepGlove;
			};
			name = Release;
		};
/* End XCBuildConfiguration section */

/* Begin XCConfigurationList section */
		6743783327C5B803002D1723 /* Build configuration list for PBXProject "SleepGlove" */ = {
			isa = XCConfigurationList;
			buildConfigurations = (
				6743785A27C5B806002D1723 /* Debug */,
				6743785B27C5B806002D1723 /* Release */,
			);
			defaultConfigurationIsVisible = 0;
			defaultConfigurationName = Release;
		};
		6743785C27C5B806002D1723 /* Build configuration list for PBXNativeTarget "SleepGlove" */ = {
			isa = XCConfigurationList;
			buildConfigurations = (
				6743785D27C5B806002D1723 /* Debug */,
				6743785E27C5B806002D1723 /* Release */,
			);
			defaultConfigurationIsVisible = 0;
			defaultConfigurationName = Release;
		};
		6743785F27C5B806002D1723 /* Build configuration list for PBXNativeTarget "SleepGloveTests" */ = {
			isa = XCConfigurationList;
			buildConfigurations = (
				6743786027C5B806002D1723 /* Debug */,
				6743786127C5B806002D1723 /* Release */,
			);
			defaultConfigurationIsVisible = 0;
			defaultConfigurationName = Release;
		};
		6743786227C5B806002D1723 /* Build configuration list for PBXNativeTarget "SleepGloveUITests" */ = {
			isa = XCConfigurationList;
			buildConfigurations = (
				6743786327C5B806002D1723 /* Debug */,
				6743786427C5B806002D1723 /* Release */,
			);
			defaultConfigurationIsVisible = 0;
			defaultConfigurationName = Release;
		};
/* End XCConfigurationList section */
	};
	rootObject = 6743783027C5B803002D1723 /* Project object */;
}
